Microsoft Visual Studio Solution File, Format Version 12.00
# Visual Studio Version 17
VisualStudioVersion = 17.5.2.0
MinimumVisualStudioVersion = 10.0.40219.1
Project("{FAE04EC0-301F-11D3-BF4B-00C04F79EFBC}") = "MidiotecaWeb", "MidiotecaWeb.csproj", "{BB219248-D22F-0A41-1DCD-2CFFD364F95B}"
EndProject
Global
	GlobalSection(SolutionConfigurationPlatforms) = preSolution
		Debug|Any CPU = Debug|Any CPU
		Release|Any CPU = Release|Any CPU
	EndGlobalSection
	GlobalSection(ProjectConfigurationPlatforms) = postSolution
		{BB219248-D22F-0A41-1DCD-2CFFD364F95B}.Debug|Any CPU.ActiveCfg = Debug|Any CPU
		{BB219248-D22F-0A41-1DCD-2CFFD364F95B}.Debug|Any CPU.Build.0 = Debug|Any CPU
		{BB219248-D22F-0A41-1DCD-2CFFD364F95B}.Release|Any CPU.ActiveCfg = Release|Any CPU
		{BB219248-D22F-0A41-1DCD-2CFFD364F95B}.Release|Any CPU.Build.0 = Release|Any CPU
	EndGlobalSection
	GlobalSection(SolutionProperties) = preSolution
		HideSolutionNode = FALSE
	EndGlobalSection
	GlobalSection(ExtensibilityGlobals) = postSolution
		SolutionGuid = {0BC4162F-6F13-432E-BAA6-656416D13B90}
	EndGlobalSection
EndGlobal
